
Microsoft Visual Studio Solution File, Format Version 12.00
# Visual Studio Version 17
VisualStudioVersion = 17.10.35027.167
MinimumVisualStudioVersion = 10.0.40219.1
Project("{FAE04EC0-301F-11D3-BF4B-00C04F79EFBC}") = "calculate", "calculate.csproj", "{3D31B605-2EC1-43D7-A280-19A9C7CB7730}"
EndProject
Global
	GlobalSection(SolutionConfigurationPlatforms) = preSolution
		Debug|Any CPU = Debug|Any CPU
		Release|Any CPU = Release|Any CPU
	EndGlobalSection
	GlobalSection(ProjectConfigurationPlatforms) = postSolution
		{3D31B605-2EC1-43D7-A280-19A9C7CB7730}.Debug|Any CPU.ActiveCfg = Debug|Any CPU
		{3D31B605-2EC1-43D7-A280-19A9C7CB7730}.Debug|Any CPU.Build.0 = Debug|Any CPU
		{3D31B605-2EC1-43D7-A280-19A9C7CB7730}.Release|Any CPU.ActiveCfg = Release|Any CPU
		{3D31B605-2EC1-43D7-A280-19A9C7CB7730}.Release|Any CPU.Build.0 = Release|Any CPU
	EndGlobalSection
	GlobalSection(SolutionProperties) = preSolution
		HideSolutionNode = FALSE
	EndGlobalSection
	GlobalSection(ExtensibilityGlobals) = postSolution
		SolutionGuid = {D12B6B95-9F3B-4C38-94C7-AEE80FA31BF4}
	EndGlobalSection
EndGlobal
